
Microsoft Visual Studio Solution File, Format Version 12.00
# Visual Studio Version 16
VisualStudioVersion = 16.0.30717.126
MinimumVisualStudioVersion = 10.0.40219.1
Project("{FAE04EC0-301F-11D3-BF4B-00C04F79EFBC}") = "QuizMicroservice", "QuizMicroservice\QuizMicroservice.csproj", "{1483A8F0-FA4B-4B02-9219-6BE02905C901}"
EndProject
Global
	GlobalSection(SolutionConfigurationPlatforms) = preSolution
		Debug|Any CPU = Debug|Any CPU
		Release|Any CPU = Release|Any CPU
	EndGlobalSection
	GlobalSection(ProjectConfigurationPlatforms) = postSolution
		{1483A8F0-FA4B-4B02-9219-6BE02905C901}.Debug|Any CPU.ActiveCfg = Debug|Any CPU
		{1483A8F0-FA4B-4B02-9219-6BE02905C901}.Debug|Any CPU.Build.0 = Debug|Any CPU
		{1483A8F0-FA4B-4B02-9219-6BE02905C901}.Release|Any CPU.ActiveCfg = Release|Any CPU
		{1483A8F0-FA4B-4B02-9219-6BE02905C901}.Release|Any CPU.Build.0 = Release|Any CPU
	EndGlobalSection
	GlobalSection(SolutionProperties) = preSolution
		HideSolutionNode = FALSE
	EndGlobalSection
	GlobalSection(ExtensibilityGlobals) = postSolution
		SolutionGuid = {0173FB61-383C-4C1B-87D8-351491914909}
	EndGlobalSection
EndGlobal
